// !$*UTF8*$!
{
	archiveVersion = 1;
	classes = {
	};
	objectVersion = 56;
	objects = {

/* Begin PBXBuildFile section */
		077477F32BE9C0D60048AEF5 /* PencilKit_Sadness_ScribeApp.swift in Sources */ = {isa = PBXBuildFile; fileRef = 077477F22BE9C0D60048AEF5 /* PencilKit_Sadness_ScribeApp.swift */; };
		077477F52BE9C0D60048AEF5 /* DrawingView.swift in Sources */ = {isa = PBXBuildFile; fileRef = 077477F42BE9C0D60048AEF5 /* DrawingView.swift */; };
		077477F72BE9C0D80048AEF5 /* Assets.xcassets in Resources */ = {isa = PBXBuildFile; fileRef = 077477F62BE9C0D80048AEF5 /* Assets.xcassets */; };
		077477FA2BE9C0D80048AEF5 /* Preview Assets.xcassets in Resources */ = {isa = PBXBuildFile; fileRef = 077477F92BE9C0D80048AEF5 /* Preview Assets.xcassets */; };
		077478012BE9C1930048AEF5 /* PKCanvasViewRepresentable.swift in Sources */ = {isa = PBXBuildFile; fileRef = 077478002BE9C1930048AEF5 /* PKCanvasViewRepresentable.swift */; };
		07E011272BE9CBE400F455C2 /* HistoryView.swift in Sources */ = {isa = PBXBuildFile; fileRef = 07E011262BE9CBE400F455C2 /* HistoryView.swift */; };
		07E011292BE9CC8200F455C2 /* MyDrawing.swift in Sources */ = {isa = PBXBuildFile; fileRef = 07E011282BE9CC8200F455C2 /* MyDrawing.swift */; };
/* End PBXBuildFile section */

/* Begin PBXFileReference section */
		077477EF2BE9C0D60048AEF5 /* PencilKit Sadness Scribe.app */ = {isa = PBXFileReference; explicitFileType = wrapper.application; includeInIndex = 0; path = "PencilKit Sadness Scribe.app"; sourceTree = BUILT_PRODUCTS_DIR; };
		077477F22BE9C0D60048AEF5 /* PencilKit_Sadness_ScribeApp.swift */ = {isa = PBXFileReference; lastKnownFileType = sourcecode.swift; path = PencilKit_Sadness_ScribeApp.swift; sourceTree = "<group>"; };
		077477F42BE9C0D60048AEF5 /* DrawingView.swift */ = {isa = PBXFileReference; lastKnownFileType = sourcecode.swift; path = DrawingView.swift; sourceTree = "<group>"; };
		077477F62BE9C0D80048AEF5 /* Assets.xcassets */ = {isa = PBXFileReference; lastKnownFileType = folder.assetcatalog; path = Assets.xcassets; sourceTree = "<group>"; };
		077477F92BE9C0D80048AEF5 /* Preview Assets.xcassets */ = {isa = PBXFileReference; lastKnownFileType = folder.assetcatalog; path = "Preview Assets.xcassets"; sourceTree = "<group>"; };
		077478002BE9C1930048AEF5 /* PKCanvasViewRepresentable.swift */ = {isa = PBXFileReference; lastKnownFileType = sourcecode.swift; path = PKCanvasViewRepresentable.swift; sourceTree = "<group>"; };
		07E011262BE9CBE400F455C2 /* HistoryView.swift */ = {isa = PBXFileReference; lastKnownFileType = sourcecode.swift; path = HistoryView.swift; sourceTree = "<group>"; };
		07E011282BE9CC8200F455C2 /* MyDrawing.swift */ = {isa = PBXFileReference; lastKnownFileType = sourcecode.swift; path = MyDrawing.swift; sourceTree = "<group>"; };
/* End PBXFileReference section */

/* Begin PBXFrameworksBuildPhase section */
		077477EC2BE9C0D60048AEF5 /* Frameworks */ = {
			isa = PBXFrameworksBuildPhase;
			buildActionMask = 2147483647;
			files = (
			);
			runOnlyForDeploymentPostprocessing = 0;
		};
/* End PBXFrameworksBuildPhase section */

/* Begin PBXGroup section */
		077477E62BE9C0D60048AEF5 = {
			isa = PBXGroup;
			children = (
				077477F12BE9C0D60048AEF5 /* PencilKit Sadness Scribe */,
				077477F02BE9C0D60048AEF5 /* Products */,
			);
			sourceTree = "<group>";
		};
		077477F02BE9C0D60048AEF5 /* Products */ = {
			isa = PBXGroup;
			children = (
				077477EF2BE9C0D60048AEF5 /* PencilKit Sadness Scribe.app */,
			);
			name = Products;
			sourceTree = "<group>";
		};
		077477F12BE9C0D60048AEF5 /* PencilKit Sadness Scribe */ = {
			isa = PBXGroup;
			children = (
				077477F22BE9C0D60048AEF5 /* PencilKit_Sadness_ScribeApp.swift */,
				077477F42BE9C0D60048AEF5 /* DrawingView.swift */,
				077478002BE9C1930048AEF5 /* PKCanvasViewRepresentable.swift */,
				07E011262BE9CBE400F455C2 /* HistoryView.swift */,
				07E011282BE9CC8200F455C2 /* MyDrawing.swift */,
				077477F62BE9C0D80048AEF5 /* Assets.xcassets */,
				077477F82BE9C0D80048AEF5 /* Preview Content */,
			);
			path = "PencilKit Sadness Scribe";
			sourceTree = "<group>";
		};
		077477F82BE9C0D80048AEF5 /* Preview Content */ = {
			isa = PBXGroup;
			children = (
				077477F92BE9C0D80048AEF5 /* Preview Assets.xcassets */,
			);
			path = "Preview Content";
			sourceTree = "<group>";
		};
/* End PBXGroup section */

/* Begin PBXNativeTarget section */
		077477EE2BE9C0D60048AEF5 /* PencilKit Sadness Scribe */ = {
			isa = PBXNativeTarget;
			buildConfigurationList = 077477FD2BE9C0D80048AEF5 /* Build configuration list for PBXNativeTarget "PencilKit Sadness Scribe" */;
			buildPhases = (
				077477EB2BE9C0D60048AEF5 /* Sources */,
				077477EC2BE9C0D60048AEF5 /* Frameworks */,
				077477ED2BE9C0D60048AEF5 /* Resources */,
			);
			buildRules = (
			);
			dependencies = (
			);
			name = "PencilKit Sadness Scribe";
			productName = "PencilKit Sadness Scribe";
			productReference = 077477EF2BE9C0D60048AEF5 /* PencilKit Sadness Scribe.app */;
			productType = "com.apple.product-type.application";
		};
/* End PBXNativeTarget section */

/* Begin PBXProject section */
		077477E72BE9C0D60048AEF5 /* Project object */ = {
			isa = PBXProject;
			attributes = {
				BuildIndependentTargetsInParallel = 1;
				LastSwiftUpdateCheck = 1530;
				LastUpgradeCheck = 1530;
				TargetAttributes = {
					077477EE2BE9C0D60048AEF5 = {
						CreatedOnToolsVersion = 15.3;
					};
				};
			};
			buildConfigurationList = 077477EA2BE9C0D60048AEF5 /* Build configuration list for PBXProject "PencilKit Sadness Scribe" */;
			compatibilityVersion = "Xcode 14.0";
			developmentRegion = en;
			hasScannedForEncodings = 0;
			knownRegions = (
				en,
				Base,
			);
			mainGroup = 077477E62BE9C0D60048AEF5;
			productRefGroup = 077477F02BE9C0D60048AEF5 /* Products */;
			projectDirPath = "";
			projectRoot = "";
			targets = (
				077477EE2BE9C0D60048AEF5 /* PencilKit Sadness Scribe */,
			);
		};
/* End PBXProject section */

/* Begin PBXResourcesBuildPhase section */
		077477ED2BE9C0D60048AEF5 /* Resources */ = {
			isa = PBXResourcesBuildPhase;
			buildActionMask = 2147483647;
			files = (
				077477FA2BE9C0D80048AEF5 /* Preview Assets.xcassets in Resources */,
				077477F72BE9C0D80048AEF5 /* Assets.xcassets in Resources */,
			);
			runOnlyForDeploymentPostprocessing = 0;
		};
/* End PBXResourcesBuildPhase section */

/* Begin PBXSourcesBuildPhase section */
		077477EB2BE9C0D60048AEF5 /* Sources */ = {
			isa = PBXSourcesBuildPhase;
			buildActionMask = 2147483647;
			files = (
				077477F52BE9C0D60048AEF5 /* DrawingView.swift in Sources */,
				07E011272BE9CBE400F455C2 /* HistoryView.swift in Sources */,
				07E011292BE9CC8200F455C2 /* MyDrawing.swift in Sources */,
				077478012BE9C1930048AEF5 /* PKCanvasViewRepresentable.swift in Sources */,
				077477F32BE9C0D60048AEF5 /* PencilKit_Sadness_ScribeApp.swift in Sources */,
			);
			runOnlyForDeploymentPostprocessing = 0;
		};
/* End PBXSourcesBuildPhase section */

/* Begin XCBuildConfiguration section */
		077477FB2BE9C0D80048AEF5 /* Debug */ = {
			isa = XCBuildConfiguration;
			buildSettings = {
				ALWAYS_SEARCH_USER_PATHS = NO;
				ASSETCATALOG_COMPILER_GENERATE_SWIFT_ASSET_SYMBOL_EXTENSIONS = YES;
				CLANG_ANALYZER_NONNULL = YES;
				CLANG_ANALYZER_NUMBER_OBJECT_CONVERSION = YES_AGGRESSIVE;
				CLANG_CXX_LANGUAGE_STANDARD = "gnu++20";
				CLANG_ENABLE_MODULES = YES;
				CLANG_ENABLE_OBJC_ARC = YES;
				CLANG_ENABLE_OBJC_WEAK = YES;
				CLANG_WARN_BLOCK_CAPTURE_AUTORELEASING = YES;
				CLANG_WARN_BOOL_CONVERSION = YES;
				CLANG_WARN_COMMA = YES;
				CLANG_WARN_CONSTANT_CONVERSION = YES;
				CLANG_WARN_DEPRECATED_OBJC_IMPLEMENTATIONS = YES;
				CLANG_WARN_DIRECT_OBJC_ISA_USAGE = YES_ERROR;
				CLANG_WARN_DOCUMENTATION_COMMENTS = YES;
				CLANG_WARN_EMPTY_BODY = YES;
				CLANG_WARN_ENUM_CONVERSION = YES;
				CLANG_WARN_INFINITE_RECURSION = YES;
				CLANG_WARN_INT_CONVERSION = YES;
				CLANG_WARN_NON_LITERAL_NULL_CONVERSION = YES;
				CLANG_WARN_OBJC_IMPLICIT_RETAIN_SELF = YES;
				CLANG_WARN_OBJC_LITERAL_CONVERSION = YES;
				CLANG_WARN_OBJC_ROOT_CLASS = YES_ERROR;
				CLANG_WARN_QUOTED_INCLUDE_IN_FRAMEWORK_HEADER = YES;
				CLANG_WARN_RANGE_LOOP_ANALYSIS = YES;
				CLANG_WARN_STRICT_PROTOTYPES = YES;
				CLANG_WARN_SUSPICIOUS_MOVE = YES;
				CLANG_WARN_UNGUARDED_AVAILABILITY = YES_AGGRESSIVE;
				CLANG_WARN_UNREACHABLE_CODE = YES;
				CLANG_WARN__DUPLICATE_METHOD_MATCH = YES;
				COPY_PHASE_STRIP = NO;
				DEBUG_INFORMATION_FORMAT = dwarf;
				ENABLE_STRICT_OBJC_MSGSEND = YES;
				ENABLE_TESTABILITY = YES;
				ENABLE_USER_SCRIPT_SANDBOXING = YES;
				GCC_C_LANGUAGE_STANDARD = gnu17;
				GCC_DYNAMIC_NO_PIC = NO;
				GCC_NO_COMMON_BLOCKS = YES;
				GCC_OPTIMIZATION_LEVEL = 0;
				GCC_PREPROCESSOR_DEFINITIONS = (
					"DEBUG=1",
					"$(inherited)",
				);
				GCC_WARN_64_TO_32_BIT_CONVERSION = YES;
				GCC_WARN_ABOUT_RETURN_TYPE = YES_ERROR;
				GCC_WARN_UNDECLARED_SELECTOR = YES;
				GCC_WARN_UNINITIALIZED_AUTOS = YES_AGGRESSIVE;
				GCC_WARN_UNUSED_FUNCTION = YES;
				GCC_WARN_UNUSED_VARIABLE = YES;
				IPHONEOS_DEPLOYMENT_TARGET = 17.4;
				LOCALIZATION_PREFERS_STRING_CATALOGS = YES;
				MTL_ENABLE_DEBUG_INFO = INCLUDE_SOURCE;
				MTL_FAST_MATH = YES;
				ONLY_ACTIVE_ARCH = YES;
				SDKROOT = iphoneos;
				SWIFT_ACTIVE_COMPILATION_CONDITIONS = "DEBUG $(inherited)";
				SWIFT_OPTIMIZATION_LEVEL = "-Onone";
			};
			name = Debug;
		};
		077477FC2BE9C0D80048AEF5 /* Release */ = {
			isa = XCBuildConfiguration;
			buildSettings = {
				ALWAYS_SEARCH_USER_PATHS = NO;
				ASSETCATALOG_COMPILER_GENERATE_SWIFT_ASSET_SYMBOL_EXTENSIONS = YES;
				CLANG_ANALYZER_NONNULL = YES;
				CLANG_ANALYZER_NUMBER_OBJECT_CONVERSION = YES_AGGRESSIVE;
				CLANG_CXX_LANGUAGE_STANDARD = "gnu++20";
				CLANG_ENABLE_MODULES = YES;
				CLANG_ENABLE_OBJC_ARC = YES;
				CLANG_ENABLE_OBJC_WEAK = YES;
				CLANG_WARN_BLOCK_CAPTURE_AUTORELEASING = YES;
				CLANG_WARN_BOOL_CONVERSION = YES;
				CLANG_WARN_COMMA = YES;
				CLANG_WARN_CONSTANT_CONVERSION = YES;
				CLANG_WARN_DEPRECATED_OBJC_IMPLEMENTATIONS = YES;
				CLANG_WARN_DIRECT_OBJC_ISA_USAGE = YES_ERROR;
				CLANG_WARN_DOCUMENTATION_COMMENTS = YES;
				CLANG_WARN_EMPTY_BODY = YES;
				CLANG_WARN_ENUM_CONVERSION = YES;
				CLANG_WARN_INFINITE_RECURSION = YES;
				CLANG_WARN_INT_CONVERSION = YES;
				CLANG_WARN_NON_LITERAL_NULL_CONVERSION = YES;
				CLANG_WARN_OBJC_IMPLICIT_RETAIN_SELF = YES;
				CLANG_WARN_OBJC_LITERAL_CONVERSION = YES;
				CLANG_WARN_OBJC_ROOT_CLASS = YES_ERROR;
				CLANG_WARN_QUOTED_INCLUDE_IN_FRAMEWORK_HEADER = YES;
				CLANG_WARN_RANGE_LOOP_ANALYSIS = YES;
				CLANG_WARN_STRICT_PROTOTYPES = YES;
				CLANG_WARN_SUSPICIOUS_MOVE = YES;
				CLANG_WARN_UNGUARDED_AVAILABILITY = YES_AGGRESSIVE;
				CLANG_WARN_UNREACHABLE_CODE = YES;
				CLANG_WARN__DUPLICATE_METHOD_MATCH = YES;
				COPY_PHASE_STRIP = NO;
				DEBUG_INFORMATION_FORMAT = "dwarf-with-dsym";
				ENABLE_NS_ASSERTIONS = NO;
				ENABLE_STRICT_OBJC_MSGSEND = YES;
				ENABLE_USER_SCRIPT_SANDBOXING = YES;
				GCC_C_LANGUAGE_STANDARD = gnu17;
				GCC_NO_COMMON_BLOCKS = YES;
				GCC_WARN_64_TO_32_BIT_CONVERSION = YES;
				GCC_WARN_ABOUT_RETURN_TYPE = YES_ERROR;
				GCC_WARN_UNDECLARED_SELECTOR = YES;
				GCC_WARN_UNINITIALIZED_AUTOS = YES_AGGRESSIVE;
				GCC_WARN_UNUSED_FUNCTION = YES;
				GCC_WARN_UNUSED_VARIABLE = YES;
				IPHONEOS_DEPLOYMENT_TARGET = 17.4;
				LOCALIZATION_PREFERS_STRING_CATALOGS = YES;
				MTL_ENABLE_DEBUG_INFO = NO;
				MTL_FAST_MATH = YES;
				SDKROOT = iphoneos;
				SWIFT_COMPILATION_MODE = wholemodule;
				VALIDATE_PRODUCT = YES;
			};
			name = Release;
		};
		077477FE2BE9C0D80048AEF5 /* Debug */ = {
			isa = XCBuildConfiguration;
			buildSettings = {
				ASSETCATALOG_COMPILER_APPICON_NAME = AppIcon;
				ASSETCATALOG_COMPILER_GLOBAL_ACCENT_COLOR_NAME = AccentColor;
				CODE_SIGN_STYLE = Automatic;
				CURRENT_PROJECT_VERSION = 1;
				DEVELOPMENT_ASSET_PATHS = "\"PencilKit Sadness Scribe/Preview Content\"";
				ENABLE_PREVIEWS = YES;
				GENERATE_INFOPLIST_FILE = YES;
				INFOPLIST_KEY_UIApplicationSceneManifest_Generation = YES;
				INFOPLIST_KEY_UIApplicationSupportsIndirectInputEvents = YES;
				INFOPLIST_KEY_UILaunchScreen_Generation = YES;
				INFOPLIST_KEY_UISupportedInterfaceOrientations_iPad = "UIInterfaceOrientationPortrait UIInterfaceOrientationPortraitUpsideDown UIInterfaceOrientationLandscapeLeft UIInterfaceOrientationLandscapeRight";
				INFOPLIST_KEY_UISupportedInterfaceOrientations_iPhone = "UIInterfaceOrientationPortrait UIInterfaceOrientationLandscapeLeft UIInterfaceOrientationLandscapeRight";
				LD_RUNPATH_SEARCH_PATHS = (
					"$(inherited)",
					"@executable_path/Frameworks",
				);
				MARKETING_VERSION = 1.0;
				PRODUCT_BUNDLE_IDENTIFIER = "com.hafizrahmadhani.PencilKit-Sadness-Scribe";
				PRODUCT_NAME = "$(TARGET_NAME)";
				SWIFT_EMIT_LOC_STRINGS = YES;
				SWIFT_VERSION = 5.0;
				TARGETED_DEVICE_FAMILY = "1,2";
			};
			name = Debug;
		};
		077477FF2BE9C0D80048AEF5 /* Release */ = {
			isa = XCBuildConfiguration;
			buildSettings = {
				ASSETCATALOG_COMPILER_APPICON_NAME = AppIcon;
				ASSETCATALOG_COMPILER_GLOBAL_ACCENT_COLOR_NAME = AccentColor;
				CODE_SIGN_STYLE = Automatic;
				CURRENT_PROJECT_VERSION = 1;
				DEVELOPMENT_ASSET_PATHS = "\"PencilKit Sadness Scribe/Preview Content\"";
				ENABLE_PREVIEWS = YES;
				GENERATE_INFOPLIST_FILE = YES;
				INFOPLIST_KEY_UIApplicationSceneManifest_Generation = YES;
				INFOPLIST_KEY_UIApplicationSupportsIndirectInputEvents = YES;
				INFOPLIST_KEY_UILaunchScreen_Generation = YES;
				INFOPLIST_KEY_UISupportedInterfaceOrientations_iPad = "UIInterfaceOrientationPortrait UIInterfaceOrientationPortraitUpsideDown UIInterfaceOrientationLandscapeLeft UIInterfaceOrientationLandscapeRight";
				INFOPLIST_KEY_UISupportedInterfaceOrientations_iPhone = "UIInterfaceOrientationPortrait UIInterfaceOrientationLandscapeLeft UIInterfaceOrientationLandscapeRight";
				LD_RUNPATH_SEARCH_PATHS = (
					"$(inherited)",
					"@executable_path/Frameworks",
				);
				MARKETING_VERSION = 1.0;
				PRODUCT_BUNDLE_IDENTIFIER = "com.hafizrahmadhani.PencilKit-Sadness-Scribe";
				PRODUCT_NAME = "$(TARGET_NAME)";
				SWIFT_EMIT_LOC_STRINGS = YES;
				SWIFT_VERSION = 5.0;
				TARGETED_DEVICE_FAMILY = "1,2";
			};
			name = Release;
		};
/* End XCBuildConfiguration section */

/* Begin XCConfigurationList section */
		077477EA2BE9C0D60048AEF5 /* Build configuration list for PBXProject "PencilKit Sadness Scribe" */ = {
			isa = XCConfigurationList;
			buildConfigurations = (
				077477FB2BE9C0D80048AEF5 /* Debug */,
				077477FC2BE9C0D80048AEF5 /* Release */,
			);
			defaultConfigurationIsVisible = 0;
			defaultConfigurationName = Release;
		};
		077477FD2BE9C0D80048AEF5 /* Build configuration list for PBXNativeTarget "PencilKit Sadness Scribe" */ = {
			isa = XCConfigurationList;
			buildConfigurations = (
				077477FE2BE9C0D80048AEF5 /* Debug */,
				077477FF2BE9C0D80048AEF5 /* Release */,
			);
			defaultConfigurationIsVisible = 0;
			defaultConfigurationName = Release;
		};
/* End XCConfigurationList section */
	};
	rootObject = 077477E72BE9C0D60048AEF5 /* Project object */;
}
